
Microsoft Visual Studio Solution File, Format Version 12.00
# Visual Studio Version 17
VisualStudioVersion = 17.8.34330.188
MinimumVisualStudioVersion = 10.0.40219.1
Project("{FAE04EC0-301F-11D3-BF4B-00C04F79EFBC}") = "AutomobileLibrary", "AutomobileLibrary\AutomobileLibrary.csproj", "{C6683D03-DBD8-4FF0-A890-7FD6B83FB1CC}"
EndProject
Project("{FAE04EC0-301F-11D3-BF4B-00C04F79EFBC}") = "AutomobileWinform", "AutomobileWinform\AutomobileWinform.csproj", "{BEBF4ED3-3494-4573-852B-317BA25A1759}"
EndProject
Global
	GlobalSection(SolutionConfigurationPlatforms) = preSolution
		Debug|Any CPU = Debug|Any CPU
		Release|Any CPU = Release|Any CPU
	EndGlobalSection
	GlobalSection(ProjectConfigurationPlatforms) = postSolution
		{C6683D03-DBD8-4FF0-A890-7FD6B83FB1CC}.Debug|Any CPU.ActiveCfg = Debug|Any CPU
		{C6683D03-DBD8-4FF0-A890-7FD6B83FB1CC}.Debug|Any CPU.Build.0 = Debug|Any CPU
		{C6683D03-DBD8-4FF0-A890-7FD6B83FB1CC}.Release|Any CPU.ActiveCfg = Release|Any CPU
		{C6683D03-DBD8-4FF0-A890-7FD6B83FB1CC}.Release|Any CPU.Build.0 = Release|Any CPU
		{BEBF4ED3-3494-4573-852B-317BA25A1759}.Debug|Any CPU.ActiveCfg = Debug|Any CPU
		{BEBF4ED3-3494-4573-852B-317BA25A1759}.Debug|Any CPU.Build.0 = Debug|Any CPU
		{BEBF4ED3-3494-4573-852B-317BA25A1759}.Release|Any CPU.ActiveCfg = Release|Any CPU
		{BEBF4ED3-3494-4573-852B-317BA25A1759}.Release|Any CPU.Build.0 = Release|Any CPU
	EndGlobalSection
	GlobalSection(SolutionProperties) = preSolution
		HideSolutionNode = FALSE
	EndGlobalSection
	GlobalSection(ExtensibilityGlobals) = postSolution
		SolutionGuid = {8EAB9D2C-1935-4145-B82C-7006C13AE0A8}
	EndGlobalSection
EndGlobal
