
Microsoft Visual Studio Solution File, Format Version 12.00
# Visual Studio Version 17
VisualStudioVersion = 17.8.34330.188
MinimumVisualStudioVersion = 10.0.40219.1
Project("{2150E333-8FDC-42A3-9474-1A3956D46DE8}") = "1.Presentation Layer", "1.Presentation Layer", "{9D30C633-9335-4820-810D-EFFD674422C3}"
EndProject
Project("{2150E333-8FDC-42A3-9474-1A3956D46DE8}") = "2.Business Layer", "2.Business Layer", "{12B7217B-9182-41B6-B511-F6939B2C5E8E}"
EndProject
Project("{2150E333-8FDC-42A3-9474-1A3956D46DE8}") = "3.DataLayer", "3.DataLayer", "{27DDC55D-14A9-4484-A38D-5AF833FB0C36}"
EndProject
Project("{FAE04EC0-301F-11D3-BF4B-00C04F79EFBC}") = "DataAccess", "DataAccess\DataAccess.csproj", "{79FB0914-AB4E-4842-A8C0-C811EDE71DEC}"
EndProject
Project("{FAE04EC0-301F-11D3-BF4B-00C04F79EFBC}") = "BusinessObject", "BusinessObject\BusinessObject.csproj", "{E7F7E12B-1FFF-4E67-B72C-FE02B35344B1}"
EndProject
Project("{FAE04EC0-301F-11D3-BF4B-00C04F79EFBC}") = "MyStoreWinApp", "MyStoreWinApp\MyStoreWinApp.csproj", "{19E03C07-9F20-4843-A832-6BA0F586BAC5}"
EndProject
Global
	GlobalSection(SolutionConfigurationPlatforms) = preSolution
		Debug|Any CPU = Debug|Any CPU
		Release|Any CPU = Release|Any CPU
	EndGlobalSection
	GlobalSection(ProjectConfigurationPlatforms) = postSolution
		{79FB0914-AB4E-4842-A8C0-C811EDE71DEC}.Debug|Any CPU.ActiveCfg = Debug|Any CPU
		{79FB0914-AB4E-4842-A8C0-C811EDE71DEC}.Debug|Any CPU.Build.0 = Debug|Any CPU
		{79FB0914-AB4E-4842-A8C0-C811EDE71DEC}.Release|Any CPU.ActiveCfg = Release|Any CPU
		{79FB0914-AB4E-4842-A8C0-C811EDE71DEC}.Release|Any CPU.Build.0 = Release|Any CPU
		{E7F7E12B-1FFF-4E67-B72C-FE02B35344B1}.Debug|Any CPU.ActiveCfg = Debug|Any CPU
		{E7F7E12B-1FFF-4E67-B72C-FE02B35344B1}.Debug|Any CPU.Build.0 = Debug|Any CPU
		{E7F7E12B-1FFF-4E67-B72C-FE02B35344B1}.Release|Any CPU.ActiveCfg = Release|Any CPU
		{E7F7E12B-1FFF-4E67-B72C-FE02B35344B1}.Release|Any CPU.Build.0 = Release|Any CPU
		{19E03C07-9F20-4843-A832-6BA0F586BAC5}.Debug|Any CPU.ActiveCfg = Debug|Any CPU
		{19E03C07-9F20-4843-A832-6BA0F586BAC5}.Debug|Any CPU.Build.0 = Debug|Any CPU
		{19E03C07-9F20-4843-A832-6BA0F586BAC5}.Release|Any CPU.ActiveCfg = Release|Any CPU
		{19E03C07-9F20-4843-A832-6BA0F586BAC5}.Release|Any CPU.Build.0 = Release|Any CPU
	EndGlobalSection
	GlobalSection(SolutionProperties) = preSolution
		HideSolutionNode = FALSE
	EndGlobalSection
	GlobalSection(NestedProjects) = preSolution
		{79FB0914-AB4E-4842-A8C0-C811EDE71DEC} = {27DDC55D-14A9-4484-A38D-5AF833FB0C36}
		{E7F7E12B-1FFF-4E67-B72C-FE02B35344B1} = {12B7217B-9182-41B6-B511-F6939B2C5E8E}
		{19E03C07-9F20-4843-A832-6BA0F586BAC5} = {9D30C633-9335-4820-810D-EFFD674422C3}
	EndGlobalSection
	GlobalSection(ExtensibilityGlobals) = postSolution
		SolutionGuid = {EB1C6C99-D480-448E-9EE0-4513883DEF5A}
	EndGlobalSection
EndGlobal
